
Microsoft Visual Studio Solution File, Format Version 12.00
# Visual Studio Version 17
VisualStudioVersion = 17.10.35027.167
MinimumVisualStudioVersion = 10.0.40219.1
Project("{FAE04EC0-301F-11D3-BF4B-00C04F79EFBC}") = "C#5", "..\..\C#5\C#5.csproj", "{EF1DA0E4-ED01-43A6-851F-DBC22A09D6D6}"
EndProject
Global
	GlobalSection(SolutionConfigurationPlatforms) = preSolution
		Debug|Any CPU = Debug|Any CPU
		Release|Any CPU = Release|Any CPU
	EndGlobalSection
	GlobalSection(ProjectConfigurationPlatforms) = postSolution
		{EF1DA0E4-ED01-43A6-851F-DBC22A09D6D6}.Debug|Any CPU.ActiveCfg = Debug|Any CPU
		{EF1DA0E4-ED01-43A6-851F-DBC22A09D6D6}.Debug|Any CPU.Build.0 = Debug|Any CPU
		{EF1DA0E4-ED01-43A6-851F-DBC22A09D6D6}.Release|Any CPU.ActiveCfg = Release|Any CPU
		{EF1DA0E4-ED01-43A6-851F-DBC22A09D6D6}.Release|Any CPU.Build.0 = Release|Any CPU
	EndGlobalSection
	GlobalSection(SolutionProperties) = preSolution
		HideSolutionNode = FALSE
	EndGlobalSection
	GlobalSection(ExtensibilityGlobals) = postSolution
		SolutionGuid = {2FBD7E31-2640-497D-8E4D-08F7A20D6106}
	EndGlobalSection
EndGlobal
